{
  "version": 4,
  "terraform_version": "1.2.6",
  "serial": 124,
  "lineage": "3ae19172-1171-0008-534a-f38c952e71d3",
  "outputs": {},
  "resources": [
    {
      "mode": "data",
      "type": "digitalocean_ssh_key",
      "name": "ssh_key",
      "provider": "provider[\"registry.terraform.io/digitalocean/digitalocean\"]",
      "instances": [
        {
          "schema_version": 0,
          "attributes": {
            "fingerprint": "c5:da:7d:64:62:24:c8:4c:16:dd:87:d5:5e:5a:27:dc",
            "id": 35884681,
            "name": "manage",
            "public_key": "ssh-rsa AAAAB3NzaC1yc2EAAAADAQABAAABgQDUiaXueyYcKfzHJizG2Zcfe2rkIRjItP1PWBwEh6Jf+Qkm3TVmjl95xaVdSuBMUiMT8tuAi25wrwcUIKDnwq/6NZc9L4n7PpLPO0wAWsL0u2YNLwUMiMCqBp+OF17ZVMPzlj8eyQh8kvZGlCXWSL1a/BSMKayRvvaFKQGP/a6wcMMVhXN1JhE5zMgzcWwmPo27B79+ZawS8+WhXotyhCR5d9kZCUcStcI0GTSWbEjGhVKLLjx2HCUNDxgd6HYoBdBXYBb8O8/LtvtVW1kLMGOC9JE0E8C0LKMxq+xtaqt47OMJQEBt8VOPlNaZIlXSBzaYQxN8DT7fXLzfuSfi60ms7HT5kMjagVCI8houHaAWuZm8gaL4y2w02zRPytsZmGBBvw6yCflQcbBL0Aspas7quClf21cnWN8nokEyR/g+SWkwFsGUMJrizHgU8+9TrGM34hnOABKVNvav6vtbaE88jY/mEMHL+Jmm4lGdKDlPKXngVR7gTACauU5gOQKL1is= manage@focal-host"
          },
          "sensitive_attributes": []
        }
      ]
    },
    {
      "mode": "data",
      "type": "external",
      "name": "droplet_name",
      "provider": "provider[\"registry.terraform.io/hashicorp/external\"]",
      "instances": [
        {
          "schema_version": 0,
          "attributes": {
            "id": "-",
            "program": [
              "python3",
              "./external/name-generator.py"
            ],
            "query": null,
            "result": {
              "name": "web-1659890092"
            },
            "working_dir": null
          },
          "sensitive_attributes": []
        }
      ]
    },
    {
      "mode": "managed",
      "type": "digitalocean_droplet",
      "name": "gw",
      "provider": "provider[\"registry.terraform.io/digitalocean/digitalocean\"]",
      "instances": [
        {
          "schema_version": 1,
          "attributes": {
            "backups": false,
            "created_at": "2022-08-07T16:34:56Z",
            "disk": 25,
            "droplet_agent": null,
            "graceful_shutdown": false,
            "id": "311641393",
            "image": "ubuntu-20-04-x64",
            "ipv4_address": "167.99.94.29",
            "ipv4_address_private": "10.106.0.4",
            "ipv6": false,
            "ipv6_address": "",
            "locked": false,
            "memory": 1024,
            "monitoring": false,
            "name": "web-1659890092",
            "price_hourly": 0.00893,
            "price_monthly": 6,
            "private_networking": true,
            "region": "lon1",
            "resize_disk": true,
            "size": "s-1vcpu-1gb",
            "ssh_keys": [
              "35884681"
            ],
            "status": "active",
            "tags": [
              "k8s-mng"
            ],
            "urn": "do:droplet:311641393",
            "user_data": null,
            "vcpus": 1,
            "volume_ids": [],
            "vpc_uuid": "0f290190-423d-4de9-ace5-194aebcaac95"
          },
          "sensitive_attributes": [],
          "private": "eyJzY2hlbWFfdmVyc2lvbiI6IjEifQ==",
          "dependencies": [
            "data.digitalocean_ssh_key.ssh_key",
            "data.external.droplet_name",
            "digitalocean_tag.k8s-mng"
          ]
        }
      ]
    },
    {
      "mode": "managed",
      "type": "digitalocean_firewall",
      "name": "k8s",
      "provider": "provider[\"registry.terraform.io/digitalocean/digitalocean\"]",
      "instances": [
        {
          "index_key": 0,
          "schema_version": 0,
          "attributes": {
            "created_at": "2022-08-07T16:36:54Z",
            "droplet_ids": [
              311641393
            ],
            "id": "fd3da0eb-ff14-4647-8ecb-49460f441697",
            "inbound_rule": [
              {
                "port_range": "22",
                "protocol": "tcp",
                "source_addresses": [
                  "0.0.0.0/0",
                  "::/0"
                ],
                "source_droplet_ids": [],
                "source_kubernetes_ids": [],
                "source_load_balancer_uids": [],
                "source_tags": []
              },
              {
                "port_range": "25565",
                "protocol": "tcp",
                "source_addresses": [
                  "0.0.0.0/0",
                  "::/0"
                ],
                "source_droplet_ids": [],
                "source_kubernetes_ids": [],
                "source_load_balancer_uids": [],
                "source_tags": []
              },
              {
                "port_range": "25575",
                "protocol": "tcp",
                "source_addresses": [
                  "0.0.0.0/0",
                  "::/0"
                ],
                "source_droplet_ids": [],
                "source_kubernetes_ids": [],
                "source_load_balancer_uids": [],
                "source_tags": []
              },
              {
                "port_range": "443",
                "protocol": "tcp",
                "source_addresses": [
                  "0.0.0.0/0",
                  "::/0"
                ],
                "source_droplet_ids": [],
                "source_kubernetes_ids": [],
                "source_load_balancer_uids": [],
                "source_tags": []
              },
              {
                "port_range": "554",
                "protocol": "tcp",
                "source_addresses": [
                  "0.0.0.0/0",
                  "::/0"
                ],
                "source_droplet_ids": [],
                "source_kubernetes_ids": [],
                "source_load_balancer_uids": [],
                "source_tags": []
              },
              {
                "port_range": "80",
                "protocol": "tcp",
                "source_addresses": [
                  "0.0.0.0/0",
                  "::/0"
                ],
                "source_droplet_ids": [],
                "source_kubernetes_ids": [],
                "source_load_balancer_uids": [],
                "source_tags": []
              }
            ],
            "name": "k8s-firewall-mng",
            "outbound_rule": [
              {
                "destination_addresses": [
                  "0.0.0.0/0",
                  "::/0"
                ],
                "destination_droplet_ids": [],
                "destination_kubernetes_ids": [],
                "destination_load_balancer_uids": [],
                "destination_tags": [],
                "port_range": "",
                "protocol": "icmp"
              },
              {
                "destination_addresses": [
                  "0.0.0.0/0",
                  "::/0"
                ],
                "destination_droplet_ids": [],
                "destination_kubernetes_ids": [],
                "destination_load_balancer_uids": [],
                "destination_tags": [],
                "port_range": "all",
                "protocol": "tcp"
              },
              {
                "destination_addresses": [
                  "0.0.0.0/0",
                  "::/0"
                ],
                "destination_droplet_ids": [],
                "destination_kubernetes_ids": [],
                "destination_load_balancer_uids": [],
                "destination_tags": [],
                "port_range": "all",
                "protocol": "udp"
              }
            ],
            "pending_changes": [
              {
                "droplet_id": 311641393,
                "removing": false,
                "status": "waiting"
              }
            ],
            "status": "waiting",
            "tags": [
              "k8s-mng"
            ]
          },
          "sensitive_attributes": [],
          "private": "bnVsbA==",
          "dependencies": [
            "data.digitalocean_ssh_key.ssh_key",
            "data.external.droplet_name",
            "digitalocean_droplet.gw",
            "digitalocean_tag.k8s-mng"
          ]
        }
      ]
    },
    {
      "mode": "managed",
      "type": "digitalocean_record",
      "name": "www",
      "provider": "provider[\"registry.terraform.io/digitalocean/digitalocean\"]",
      "instances": [
        {
          "schema_version": 0,
          "attributes": {
            "domain": "micrometre.uk",
            "flags": 0,
            "fqdn": "k8s.micrometre.uk",
            "id": "329157726",
            "name": "k8s",
            "port": 0,
            "priority": 0,
            "tag": "",
            "ttl": 1800,
            "type": "A",
            "value": "167.99.94.29",
            "weight": 0
          },
          "sensitive_attributes": [],
          "private": "bnVsbA==",
          "dependencies": [
            "data.digitalocean_ssh_key.ssh_key",
            "data.external.droplet_name",
            "digitalocean_droplet.gw",
            "digitalocean_tag.k8s-mng"
          ]
        }
      ]
    },
    {
      "mode": "managed",
      "type": "digitalocean_tag",
      "name": "k8s-mng",
      "provider": "provider[\"registry.terraform.io/digitalocean/digitalocean\"]",
      "instances": [
        {
          "schema_version": 0,
          "attributes": {
            "databases_count": 0,
            "droplets_count": 0,
            "id": "k8s-mng",
            "images_count": 0,
            "name": "k8s-mng",
            "total_resource_count": 0,
            "volume_snapshots_count": 0,
            "volumes_count": 0
          },
          "sensitive_attributes": [],
          "private": "bnVsbA=="
        }
      ]
    },
    {
      "mode": "managed",
      "type": "digitalocean_tag",
      "name": "k8s-node",
      "provider": "provider[\"registry.terraform.io/digitalocean/digitalocean\"]",
      "instances": [
        {
          "schema_version": 0,
          "attributes": {
            "databases_count": 0,
            "droplets_count": 0,
            "id": "k8s-node",
            "images_count": 0,
            "name": "k8s-node",
            "total_resource_count": 0,
            "volume_snapshots_count": 0,
            "volumes_count": 0
          },
          "sensitive_attributes": [],
          "private": "bnVsbA=="
        }
      ]
    },
    {
      "mode": "managed",
      "type": "digitalocean_vpc",
      "name": "k8s-network",
      "provider": "provider[\"registry.terraform.io/digitalocean/digitalocean\"]",
      "instances": [
        {
          "schema_version": 0,
          "attributes": {
            "created_at": "2022-08-07 16:34:56 +0000 UTC",
            "default": false,
            "description": "",
            "id": "7c1a65f3-9ac9-4d42-a726-8eb042192a68",
            "ip_range": "10.1.2.0/24",
            "name": "k8s-network",
            "region": "lon1",
            "timeouts": null,
            "urn": "do:vpc:7c1a65f3-9ac9-4d42-a726-8eb042192a68"
          },
          "sensitive_attributes": [],
          "private": "eyJlMmJmYjczMC1lY2FhLTExZTYtOGY4OC0zNDM2M2JjN2M0YzAiOnsiZGVsZXRlIjoxMjAwMDAwMDAwMDB9fQ=="
        }
      ]
    }
  ]
}
